
Microsoft Visual Studio Solution File, Format Version 12.00
# Visual Studio Version 17
VisualStudioVersion = 17.9.34714.143
MinimumVisualStudioVersion = 10.0.40219.1
Project("{8BC9CEB8-8B4A-11D0-8D11-00A0C91BC942}") = "Calculator", "Calculator.vcxproj", "{DE9A6266-57A5-431C-B837-F4D626E57BFB}"
EndProject
Global
	GlobalSection(SolutionConfigurationPlatforms) = preSolution
		Debug|x64 = Debug|x64
		Debug|x86 = Debug|x86
		Release|x64 = Release|x64
		Release|x86 = Release|x86
	EndGlobalSection
	GlobalSection(ProjectConfigurationPlatforms) = postSolution
		{DE9A6266-57A5-431C-B837-F4D626E57BFB}.Debug|x64.ActiveCfg = Debug|x64
		{DE9A6266-57A5-431C-B837-F4D626E57BFB}.Debug|x64.Build.0 = Debug|x64
		{DE9A6266-57A5-431C-B837-F4D626E57BFB}.Debug|x86.ActiveCfg = Debug|Win32
		{DE9A6266-57A5-431C-B837-F4D626E57BFB}.Debug|x86.Build.0 = Debug|Win32
		{DE9A6266-57A5-431C-B837-F4D626E57BFB}.Release|x64.ActiveCfg = Release|x64
		{DE9A6266-57A5-431C-B837-F4D626E57BFB}.Release|x64.Build.0 = Release|x64
		{DE9A6266-57A5-431C-B837-F4D626E57BFB}.Release|x86.ActiveCfg = Release|Win32
		{DE9A6266-57A5-431C-B837-F4D626E57BFB}.Release|x86.Build.0 = Release|Win32
	EndGlobalSection
	GlobalSection(SolutionProperties) = preSolution
		HideSolutionNode = FALSE
	EndGlobalSection
	GlobalSection(ExtensibilityGlobals) = postSolution
		SolutionGuid = {10F76473-0A80-44CA-9DDA-1A7148C85B17}
	EndGlobalSection
EndGlobal
